
Microsoft Visual Studio Solution File, Format Version 12.00
# Visual Studio Version 17
VisualStudioVersion = 17.0.31912.275
MinimumVisualStudioVersion = 10.0.40219.1
Project("{9A19103F-16F7-4668-BE54-9A1E7A4F7556}") = "TheStandard.Asp.NetCore.WebApi", "TheStandard.Asp.NetCore.WebApi\TheStandard.Asp.NetCore.WebApi.csproj", "{3506381F-666B-422D-A9C6-A42761599A04}"
EndProject
Project("{9A19103F-16F7-4668-BE54-9A1E7A4F7556}") = "TheStandard.Asp.NetCore.Tests.Unit", "TheStandard.Asp.NetCore.Tests.Unit\TheStandard.Asp.NetCore.Tests.Unit.csproj", "{60A71EC1-0BBA-446A-ADD2-938D1A7A106A}"
EndProject
Project("{9A19103F-16F7-4668-BE54-9A1E7A4F7556}") = "TheStandard.Asp.NetCore.Tests.Acceptance", "TheStandard.Asp.NetCore.Tests.Acceptance\TheStandard.Asp.NetCore.Tests.Acceptance.csproj", "{1CCC4C67-D600-42FB-9A43-7787A1E4582A}"
EndProject
Global
	GlobalSection(SolutionConfigurationPlatforms) = preSolution
		Debug|Any CPU = Debug|Any CPU
		Release|Any CPU = Release|Any CPU
	EndGlobalSection
	GlobalSection(ProjectConfigurationPlatforms) = postSolution
		{3506381F-666B-422D-A9C6-A42761599A04}.Debug|Any CPU.ActiveCfg = Debug|Any CPU
		{3506381F-666B-422D-A9C6-A42761599A04}.Debug|Any CPU.Build.0 = Debug|Any CPU
		{3506381F-666B-422D-A9C6-A42761599A04}.Release|Any CPU.ActiveCfg = Release|Any CPU
		{3506381F-666B-422D-A9C6-A42761599A04}.Release|Any CPU.Build.0 = Release|Any CPU
		{60A71EC1-0BBA-446A-ADD2-938D1A7A106A}.Debug|Any CPU.ActiveCfg = Debug|Any CPU
		{60A71EC1-0BBA-446A-ADD2-938D1A7A106A}.Debug|Any CPU.Build.0 = Debug|Any CPU
		{60A71EC1-0BBA-446A-ADD2-938D1A7A106A}.Release|Any CPU.ActiveCfg = Release|Any CPU
		{60A71EC1-0BBA-446A-ADD2-938D1A7A106A}.Release|Any CPU.Build.0 = Release|Any CPU
		{1CCC4C67-D600-42FB-9A43-7787A1E4582A}.Debug|Any CPU.ActiveCfg = Debug|Any CPU
		{1CCC4C67-D600-42FB-9A43-7787A1E4582A}.Debug|Any CPU.Build.0 = Debug|Any CPU
		{1CCC4C67-D600-42FB-9A43-7787A1E4582A}.Release|Any CPU.ActiveCfg = Release|Any CPU
		{1CCC4C67-D600-42FB-9A43-7787A1E4582A}.Release|Any CPU.Build.0 = Release|Any CPU
	EndGlobalSection
	GlobalSection(SolutionProperties) = preSolution
		HideSolutionNode = FALSE
	EndGlobalSection
	GlobalSection(ExtensibilityGlobals) = postSolution
		SolutionGuid = {C3E5C941-6868-4D75-B65A-0C160C751006}
	EndGlobalSection
EndGlobal
